
Microsoft Visual Studio Solution File, Format Version 12.00
# Visual Studio Version 16
VisualStudioVersion = 16.0.30907.101
MinimumVisualStudioVersion = 10.0.40219.1
Project("{FAE04EC0-301F-11D3-BF4B-00C04F79EFBC}") = "Lern sharp", "Lern sharp\Lern sharp.csproj", "{75F9AC23-FFE3-45FE-8439-073EC053DF5F}"
EndProject
Global
	GlobalSection(SolutionConfigurationPlatforms) = preSolution
		Debug|Any CPU = Debug|Any CPU
		Release|Any CPU = Release|Any CPU
	EndGlobalSection
	GlobalSection(ProjectConfigurationPlatforms) = postSolution
		{75F9AC23-FFE3-45FE-8439-073EC053DF5F}.Debug|Any CPU.ActiveCfg = Debug|Any CPU
		{75F9AC23-FFE3-45FE-8439-073EC053DF5F}.Debug|Any CPU.Build.0 = Debug|Any CPU
		{75F9AC23-FFE3-45FE-8439-073EC053DF5F}.Release|Any CPU.ActiveCfg = Release|Any CPU
		{75F9AC23-FFE3-45FE-8439-073EC053DF5F}.Release|Any CPU.Build.0 = Release|Any CPU
	EndGlobalSection
	GlobalSection(SolutionProperties) = preSolution
		HideSolutionNode = FALSE
	EndGlobalSection
	GlobalSection(ExtensibilityGlobals) = postSolution
		SolutionGuid = {A12E7C2B-ABF7-4CC0-AF75-DA2B3357A758}
	EndGlobalSection
EndGlobal
